
Microsoft Visual Studio Solution File, Format Version 12.00
# Visual Studio Version 16
VisualStudioVersion = 16.0.31729.503
MinimumVisualStudioVersion = 10.0.40219.1
Project("{FAE04EC0-301F-11D3-BF4B-00C04F79EFBC}") = "SerializationAndDeserialization", "SerializationAndDeserialization\SerializationAndDeserialization.csproj", "{689E32E1-2348-4383-B919-A7FC55CDF412}"
EndProject
Global
	GlobalSection(SolutionConfigurationPlatforms) = preSolution
		Debug|Any CPU = Debug|Any CPU
		Release|Any CPU = Release|Any CPU
	EndGlobalSection
	GlobalSection(ProjectConfigurationPlatforms) = postSolution
		{689E32E1-2348-4383-B919-A7FC55CDF412}.Debug|Any CPU.ActiveCfg = Debug|Any CPU
		{689E32E1-2348-4383-B919-A7FC55CDF412}.Debug|Any CPU.Build.0 = Debug|Any CPU
		{689E32E1-2348-4383-B919-A7FC55CDF412}.Release|Any CPU.ActiveCfg = Release|Any CPU
		{689E32E1-2348-4383-B919-A7FC55CDF412}.Release|Any CPU.Build.0 = Release|Any CPU
	EndGlobalSection
	GlobalSection(SolutionProperties) = preSolution
		HideSolutionNode = FALSE
	EndGlobalSection
	GlobalSection(ExtensibilityGlobals) = postSolution
		SolutionGuid = {20F2A0DB-2C84-410D-859B-2E322D1574C7}
	EndGlobalSection
EndGlobal
